
Microsoft Visual Studio Solution File, Format Version 12.00
# Visual Studio Version 16
VisualStudioVersion = 16.0.30717.126
MinimumVisualStudioVersion = 10.0.40219.1
Project("{FAE04EC0-301F-11D3-BF4B-00C04F79EFBC}") = "IdeaManagementWPFAdminClient", "IdeaManagementWPFAdminClient\IdeaManagementWPFAdminClient.csproj", "{5496C7A6-BB97-4356-83BE-AA875096B2C1}"
EndProject
Global
	GlobalSection(SolutionConfigurationPlatforms) = preSolution
		Debug|Any CPU = Debug|Any CPU
		Release|Any CPU = Release|Any CPU
	EndGlobalSection
	GlobalSection(ProjectConfigurationPlatforms) = postSolution
		{5496C7A6-BB97-4356-83BE-AA875096B2C1}.Debug|Any CPU.ActiveCfg = Debug|Any CPU
		{5496C7A6-BB97-4356-83BE-AA875096B2C1}.Debug|Any CPU.Build.0 = Debug|Any CPU
		{5496C7A6-BB97-4356-83BE-AA875096B2C1}.Release|Any CPU.ActiveCfg = Release|Any CPU
		{5496C7A6-BB97-4356-83BE-AA875096B2C1}.Release|Any CPU.Build.0 = Release|Any CPU
	EndGlobalSection
	GlobalSection(SolutionProperties) = preSolution
		HideSolutionNode = FALSE
	EndGlobalSection
	GlobalSection(ExtensibilityGlobals) = postSolution
		SolutionGuid = {C60BEB6E-6CCD-4D9C-8CA5-B7DB41BD7215}
	EndGlobalSection
EndGlobal
